dependencies:
  espressif/esp_audio_codec:
    component_hash: 04c2f0d5eca207cdfabd3aafc50ef4bca53532115ddf7689e5cfabd00eb88b02
    dependencies:
    - name: idf
      require: private
      version: '>=4.4'
    source:
      registry_url: https://components.espressif.com
      type: service
    version: 2.3.0
  espressif/esp_audio_effects:
    component_hash: 54af7c9a4f40703325482660ffb3a8b5f66fa56cb92f6db220f8b11ec2b6a32b
    dependencies: []
    source:
      registry_url: https://components.espressif.com
      type: service
    version: 1.1.0
  espressif/esp_audio_simple_player:
    component_hash: 700e9c749d647c0174b406fb6ba376a5211497c43471cc06ca97897a03107dff
    dependencies:
    - name: espressif/gmf_audio
      registry_url: https://components.espressif.com
      require: private
      version: ^0.7
    - name: espressif/gmf_io
      registry_url: https://components.espressif.com
      require: private
      version: ^0.7
    source:
      registry_url: https://components.espressif.com/
      type: service
    version: 0.9.4~2
  espressif/esp_codec_dev:
    component_hash: e0be5ee73d50bfaffd0b61f1157dbd13b2af9ddd2d1ed1a1feceae187afd909a
    dependencies:
    - name: idf
      require: private
      version: '>=4.0'
    source:
      registry_url: https://components.espressif.com
      type: service
    version: 1.5.1
  espressif/esp_io_expander:
    component_hash: fbc0de4082fc7c207dc98a93a0ed83d1a929a4ecee83cc567afb406f3ee6d4a6
    dependencies:
    - name: idf
      require: private
      version: '>=4.4.2'
    source:
      registry_url: https://components.espressif.com
      type: service
    version: 1.0.1
  espressif/esp_io_expander_tca95xx_16bit:
    component_hash: c384d55e429775d6a1eef26512fbc33bc41823745a8c2ad6d5927729f33a2c21
    dependencies:
    - name: espressif/esp_io_expander
      registry_url: https://components.espressif.com
      require: public
      version: ^1.0.1
    - name: idf
      require: private
      version: '>=5.2'
    source:
      registry_url: https://components.espressif.com/
      type: service
    version: 2.0.1
  espressif/gmf_audio:
    component_hash: 2f80c5ae707e41e78976046753c0d349b5f2808afcab24c1cf274ebc9a25cfe1
    dependencies:
    - name: espressif/esp_audio_codec
      registry_url: https://components.espressif.com
      require: private
      version: ~2.3
    - name: espressif/esp_audio_effects
      registry_url: https://components.espressif.com
      require: private
      version: ~1.1
    - name: espressif/gmf_core
      registry_url: https://components.espressif.com
      require: private
      version: ^0.7
    source:
      registry_url: https://components.espressif.com
      type: service
    version: 0.7.1
  espressif/gmf_core:
    component_hash: ac173e3eef091a741bd2667d82450f5d6b0fe4dfeb36a9833edda560bafdf778
    dependencies: []
    source:
      registry_url: https://components.espressif.com
      type: service
    version: 0.7.4
  espressif/gmf_io:
    component_hash: 5b0ccf6db91372ac9037a4a1ac6c3ba126e6adb8d2dab371267c87fed6af55af
    dependencies:
    - name: espressif/esp_codec_dev
      registry_url: https://components.espressif.com
      require: private
      version: ^1.4
    - name: espressif/gmf_core
      registry_url: https://components.espressif.com
      require: private
      version: ^0.7
    source:
      registry_url: https://components.espressif.com
      type: service
    version: 0.7.4
  idf:
    source:
      type: idf
    version: 5.5.0
direct_dependencies:
- espressif/esp_audio_simple_player
- espressif/esp_io_expander_tca95xx_16bit
manifest_hash: a734a97527f8977a231ca68a2cfbac731b0abdc23d3f5573e3ee6e27c1cfac96
target: esp32s3
version: 2.0.0
